// !$*UTF8*$!
{
	archiveVersion = 1;
	classes = {
	};
	objectVersion = 56;
	objects = {

/* Begin PBXBuildFile section */
		60D62EAC2A22766B00105B31 /* FlickerApp.swift in Sources */ = {isa = PBXBuildFile; fileRef = 60D62EAB2A22766B00105B31 /* FlickerApp.swift */; };
		60D62EB02A22766C00105B31 /* Assets.xcassets in Resources */ = {isa = PBXBuildFile; fileRef = 60D62EAF2A22766C00105B31 /* Assets.xcassets */; };
		60D62EB32A22766C00105B31 /* Preview Assets.xcassets in Resources */ = {isa = PBXBuildFile; fileRef = 60D62EB22A22766C00105B31 /* Preview Assets.xcassets */; };
		60D62EBD2A22766C00105B31 /* FlickerTests.swift in Sources */ = {isa = PBXBuildFile; fileRef = 60D62EBC2A22766C00105B31 /* FlickerTests.swift */; };
		60D62EC72A22766C00105B31 /* FlickerUITests.swift in Sources */ = {isa = PBXBuildFile; fileRef = 60D62EC62A22766C00105B31 /* FlickerUITests.swift */; };
		60D62EC92A22766C00105B31 /* FlickerUITestsLaunchTests.swift in Sources */ = {isa = PBXBuildFile; fileRef = 60D62EC82A22766C00105B31 /* FlickerUITestsLaunchTests.swift */; };
		60D62EDD2A2277AD00105B31 /* NetworkFactory.swift in Sources */ = {isa = PBXBuildFile; fileRef = 60D62EDC2A2277AD00105B31 /* NetworkFactory.swift */; };
		60D62EE02A22789800105B31 /* BaseErrorResponse.swift in Sources */ = {isa = PBXBuildFile; fileRef = 60D62EDF2A22789800105B31 /* BaseErrorResponse.swift */; };
		60D62EE32A2278D800105B31 /* BaseURL.swift in Sources */ = {isa = PBXBuildFile; fileRef = 60D62EE22A2278D800105B31 /* BaseURL.swift */; };
		60D62EE82A227D4400105B31 /* Configuration.swift in Sources */ = {isa = PBXBuildFile; fileRef = 60D62EE72A227D4400105B31 /* Configuration.swift */; };
		60D62EEA2A2280F700105B31 /* HTTPMethod.swift in Sources */ = {isa = PBXBuildFile; fileRef = 60D62EE92A2280F700105B31 /* HTTPMethod.swift */; };
		60D62EEC2A22810500105B31 /* RequestType.swift in Sources */ = {isa = PBXBuildFile; fileRef = 60D62EEB2A22810500105B31 /* RequestType.swift */; };
		60D62EF12A22817A00105B31 /* RequestFactory.swift in Sources */ = {isa = PBXBuildFile; fileRef = 60D62EF02A22817A00105B31 /* RequestFactory.swift */; };
		60D62EF42A2281B500105B31 /* NetworkAPIFactory.swift in Sources */ = {isa = PBXBuildFile; fileRef = 60D62EF32A2281B500105B31 /* NetworkAPIFactory.swift */; };
		60D62EF62A22822200105B31 /* NetworkRequestFactory.swift in Sources */ = {isa = PBXBuildFile; fileRef = 60D62EF52A22822200105B31 /* NetworkRequestFactory.swift */; };
		60D62EF82A22823F00105B31 /* CodingError.swift in Sources */ = {isa = PBXBuildFile; fileRef = 60D62EF72A22823F00105B31 /* CodingError.swift */; };
		60D62EFA2A22825B00105B31 /* ValidationError.swift in Sources */ = {isa = PBXBuildFile; fileRef = 60D62EF92A22825B00105B31 /* ValidationError.swift */; };
		60D62EFC2A22827800105B31 /* NetworkError.swift in Sources */ = {isa = PBXBuildFile; fileRef = 60D62EFB2A22827800105B31 /* NetworkError.swift */; };
		60D62F022A22836A00105B31 /* FlickrPhotosAPI.swift in Sources */ = {isa = PBXBuildFile; fileRef = 60D62F012A22836A00105B31 /* FlickrPhotosAPI.swift */; };
		60D62F042A22860200105B31 /* FlickrPhotosService.swift in Sources */ = {isa = PBXBuildFile; fileRef = 60D62F032A22860200105B31 /* FlickrPhotosService.swift */; };
		60D62F072A22867800105B31 /* PhotosResponseWrapper.swift in Sources */ = {isa = PBXBuildFile; fileRef = 60D62F062A22867800105B31 /* PhotosResponseWrapper.swift */; };
		60D62F092A22880400105B31 /* PhotosPaginatedResponse.swift in Sources */ = {isa = PBXBuildFile; fileRef = 60D62F082A22880400105B31 /* PhotosPaginatedResponse.swift */; };
		60D62F0B2A22881B00105B31 /* PhotoResponse.swift in Sources */ = {isa = PBXBuildFile; fileRef = 60D62F0A2A22881B00105B31 /* PhotoResponse.swift */; };
		60D62F172A229C1800105B31 /* GetImageURL.swift in Sources */ = {isa = PBXBuildFile; fileRef = 60D62F162A229C1800105B31 /* GetImageURL.swift */; };
		60D62F1B2A229EE700105B31 /* ImageListViewModel.swift in Sources */ = {isa = PBXBuildFile; fileRef = 60D62F1A2A229EE700105B31 /* ImageListViewModel.swift */; };
		60D62F1D2A229EF500105B31 /* ImageListView.swift in Sources */ = {isa = PBXBuildFile; fileRef = 60D62F1C2A229EF500105B31 /* ImageListView.swift */; };
		60D62F202A22A0A800105B31 /* SDWebImageSwiftUI in Frameworks */ = {isa = PBXBuildFile; productRef = 60D62F1F2A22A0A800105B31 /* SDWebImageSwiftUI */; };
		60D62F222A22A74B00105B31 /* SortableResponse.swift in Sources */ = {isa = PBXBuildFile; fileRef = 60D62F212A22A74B00105B31 /* SortableResponse.swift */; };
		60D62F242A23917300105B31 /* ViewState.swift in Sources */ = {isa = PBXBuildFile; fileRef = 60D62F232A23917300105B31 /* ViewState.swift */; };
		60D62F262A23A1E900105B31 /* Array+Extension.swift in Sources */ = {isa = PBXBuildFile; fileRef = 60D62F252A23A1E900105B31 /* Array+Extension.swift */; };
		60D62F2A2A23A4DA00105B31 /* PictureDetailCard.swift in Sources */ = {isa = PBXBuildFile; fileRef = 60D62F292A23A4DA00105B31 /* PictureDetailCard.swift */; };
		60D62F2C2A23AB5B00105B31 /* WebImage+Extension.swift in Sources */ = {isa = PBXBuildFile; fileRef = 60D62F2B2A23AB5B00105B31 /* WebImage+Extension.swift */; };
		60D62F2F2A23BDF800105B31 /* GetInfoResponse.swift in Sources */ = {isa = PBXBuildFile; fileRef = 60D62F2E2A23BDF800105B31 /* GetInfoResponse.swift */; };
		60D62F342A23C0C300105B31 /* OwnerResponse.swift in Sources */ = {isa = PBXBuildFile; fileRef = 60D62F332A23C0C300105B31 /* OwnerResponse.swift */; };
		60D62F372A23C0E200105B31 /* DatesResponse.swift in Sources */ = {isa = PBXBuildFile; fileRef = 60D62F362A23C0E200105B31 /* DatesResponse.swift */; };
		60D62F392A23C21100105B31 /* ImageDetailView.swift in Sources */ = {isa = PBXBuildFile; fileRef = 60D62F382A23C21100105B31 /* ImageDetailView.swift */; };
		60D62F3B2A23C21C00105B31 /* ImageDetailViewModel.swift in Sources */ = {isa = PBXBuildFile; fileRef = 60D62F3A2A23C21C00105B31 /* ImageDetailViewModel.swift */; };
		60D62F3D2A23D33200105B31 /* FlickrPeopleAPI.swift in Sources */ = {isa = PBXBuildFile; fileRef = 60D62F3C2A23D33200105B31 /* FlickrPeopleAPI.swift */; };
		60D62F3F2A23D34400105B31 /* FlickrPeopleService.swift in Sources */ = {isa = PBXBuildFile; fileRef = 60D62F3E2A23D34400105B31 /* FlickrPeopleService.swift */; };
		60D62F412A23D49A00105B31 /* UserImageListView.swift in Sources */ = {isa = PBXBuildFile; fileRef = 60D62F402A23D49A00105B31 /* UserImageListView.swift */; };
		60D62F432A23D4B100105B31 /* UserImageListViewModel.swift in Sources */ = {isa = PBXBuildFile; fileRef = 60D62F422A23D4B100105B31 /* UserImageListViewModel.swift */; };
		60D62F462A24BF5A00105B31 /* UserResponse.swift in Sources */ = {isa = PBXBuildFile; fileRef = 60D62F452A24BF5A00105B31 /* UserResponse.swift */; };
		60D62F492A24BFA000105B31 /* ContentResponse.swift in Sources */ = {isa = PBXBuildFile; fileRef = 60D62F482A24BFA000105B31 /* ContentResponse.swift */; };
		60D62F4B2A24C01C00105B31 /* UserWrapperResponse.swift in Sources */ = {isa = PBXBuildFile; fileRef = 60D62F4A2A24C01C00105B31 /* UserWrapperResponse.swift */; };
		60D62F4D2A24D31200105B31 /* PersonWrapperResponse.swift in Sources */ = {isa = PBXBuildFile; fileRef = 60D62F4C2A24D31200105B31 /* PersonWrapperResponse.swift */; };
		60D62F4F2A24D33B00105B31 /* PersonResponse.swift in Sources */ = {isa = PBXBuildFile; fileRef = 60D62F4E2A24D33B00105B31 /* PersonResponse.swift */; };
		60D62F522A24D57700105B31 /* PersonDetailCard.swift in Sources */ = {isa = PBXBuildFile; fileRef = 60D62F512A24D57700105B31 /* PersonDetailCard.swift */; };
		60D62F562A250FE600105B31 /* ImageListViewModelTests.swift in Sources */ = {isa = PBXBuildFile; fileRef = 60D62F552A250FE600105B31 /* ImageListViewModelTests.swift */; };
		60D62F592A25107A00105B31 /* SDWebImageSwiftUI in Frameworks */ = {isa = PBXBuildFile; productRef = 60D62F582A25107A00105B31 /* SDWebImageSwiftUI */; };
		60D62F5C2A2518BE00105B31 /* ExifResponseWrapper.swift in Sources */ = {isa = PBXBuildFile; fileRef = 60D62F5B2A2518BE00105B31 /* ExifResponseWrapper.swift */; };
		60D62F5E2A251B2700105B31 /* ExifResponse.swift in Sources */ = {isa = PBXBuildFile; fileRef = 60D62F5D2A251B2700105B31 /* ExifResponse.swift */; };
		60D62F612A25251D00105B31 /* Container.swift in Sources */ = {isa = PBXBuildFile; fileRef = 60D62F602A25251D00105B31 /* Container.swift */; };
		60D62F632A2527EB00105B31 /* ImageDetailViewModelTests.swift in Sources */ = {isa = PBXBuildFile; fileRef = 60D62F622A2527EB00105B31 /* ImageDetailViewModelTests.swift */; };
		60D62F652A252E8A00105B31 /* UserImageListViewModelTests.swift in Sources */ = {isa = PBXBuildFile; fileRef = 60D62F642A252E8A00105B31 /* UserImageListViewModelTests.swift */; };
/* End PBXBuildFile section */

/* Begin PBXContainerItemProxy section */
		60D62EB92A22766C00105B31 /* PBXContainerItemProxy */ = {
			isa = PBXContainerItemProxy;
			containerPortal = 60D62EA02A22766B00105B31 /* Project object */;
			proxyType = 1;
			remoteGlobalIDString = 60D62EA72A22766B00105B31;
			remoteInfo = Flicker;
		};
		60D62EC32A22766C00105B31 /* PBXContainerItemProxy */ = {
			isa = PBXContainerItemProxy;
			containerPortal = 60D62EA02A22766B00105B31 /* Project object */;
			proxyType = 1;
			remoteGlobalIDString = 60D62EA72A22766B00105B31;
			remoteInfo = Flicker;
		};
/* End PBXContainerItemProxy section */

/* Begin PBXFileReference section */
		60D62EA82A22766B00105B31 /* Flicker.app */ = {isa = PBXFileReference; explicitFileType = wrapper.application; includeInIndex = 0; path = Flicker.app; sourceTree = BUILT_PRODUCTS_DIR; };
		60D62EAB2A22766B00105B31 /* FlickerApp.swift */ = {isa = PBXFileReference; lastKnownFileType = sourcecode.swift; path = FlickerApp.swift; sourceTree = "<group>"; };
		60D62EAF2A22766C00105B31 /* Assets.xcassets */ = {isa = PBXFileReference; lastKnownFileType = folder.assetcatalog; path = Assets.xcassets; sourceTree = "<group>"; };
		60D62EB22A22766C00105B31 /* Preview Assets.xcassets */ = {isa = PBXFileReference; lastKnownFileType = folder.assetcatalog; path = "Preview Assets.xcassets"; sourceTree = "<group>"; };
		60D62EB82A22766C00105B31 /* FlickerTests.xctest */ = {isa = PBXFileReference; explicitFileType = wrapper.cfbundle; includeInIndex = 0; path = FlickerTests.xctest; sourceTree = BUILT_PRODUCTS_DIR; };
		60D62EBC2A22766C00105B31 /* FlickerTests.swift */ = {isa = PBXFileReference; lastKnownFileType = sourcecode.swift; path = FlickerTests.swift; sourceTree = "<group>"; };
		60D62EC22A22766C00105B31 /* FlickerUITests.xctest */ = {isa = PBXFileReference; explicitFileType = wrapper.cfbundle; includeInIndex = 0; path = FlickerUITests.xctest; sourceTree = BUILT_PRODUCTS_DIR; };
		60D62EC62A22766C00105B31 /* FlickerUITests.swift */ = {isa = PBXFileReference; lastKnownFileType = sourcecode.swift; path = FlickerUITests.swift; sourceTree = "<group>"; };
		60D62EC82A22766C00105B31 /* FlickerUITestsLaunchTests.swift */ = {isa = PBXFileReference; lastKnownFileType = sourcecode.swift; path = FlickerUITestsLaunchTests.swift; sourceTree = "<group>"; };
		60D62EDC2A2277AD00105B31 /* NetworkFactory.swift */ = {isa = PBXFileReference; lastKnownFileType = sourcecode.swift; path = NetworkFactory.swift; sourceTree = "<group>"; };
		60D62EDF2A22789800105B31 /* BaseErrorResponse.swift */ = {isa = PBXFileReference; lastKnownFileType = sourcecode.swift; path = BaseErrorResponse.swift; sourceTree = "<group>"; };
		60D62EE22A2278D800105B31 /* BaseURL.swift */ = {isa = PBXFileReference; lastKnownFileType = sourcecode.swift; path = BaseURL.swift; sourceTree = "<group>"; };
		60D62EE72A227D4400105B31 /* Configuration.swift */ = {isa = PBXFileReference; lastKnownFileType = sourcecode.swift; path = Configuration.swift; sourceTree = "<group>"; };
		60D62EE92A2280F700105B31 /* HTTPMethod.swift */ = {isa = PBXFileReference; lastKnownFileType = sourcecode.swift; path = HTTPMethod.swift; sourceTree = "<group>"; };
		60D62EEB2A22810500105B31 /* RequestType.swift */ = {isa = PBXFileReference; lastKnownFileType = sourcecode.swift; path = RequestType.swift; sourceTree = "<group>"; };
		60D62EF02A22817A00105B31 /* RequestFactory.swift */ = {isa = PBXFileReference; lastKnownFileType = sourcecode.swift; path = RequestFactory.swift; sourceTree = "<group>"; };
		60D62EF32A2281B500105B31 /* NetworkAPIFactory.swift */ = {isa = PBXFileReference; lastKnownFileType = sourcecode.swift; path = NetworkAPIFactory.swift; sourceTree = "<group>"; };
		60D62EF52A22822200105B31 /* NetworkRequestFactory.swift */ = {isa = PBXFileReference; lastKnownFileType = sourcecode.swift; path = NetworkRequestFactory.swift; sourceTree = "<group>"; };
		60D62EF72A22823F00105B31 /* CodingError.swift */ = {isa = PBXFileReference; lastKnownFileType = sourcecode.swift; path = CodingError.swift; sourceTree = "<group>"; };
		60D62EF92A22825B00105B31 /* ValidationError.swift */ = {isa = PBXFileReference; lastKnownFileType = sourcecode.swift; path = ValidationError.swift; sourceTree = "<group>"; };
		60D62EFB2A22827800105B31 /* NetworkError.swift */ = {isa = PBXFileReference; lastKnownFileType = sourcecode.swift; path = NetworkError.swift; sourceTree = "<group>"; };
		60D62F012A22836A00105B31 /* FlickrPhotosAPI.swift */ = {isa = PBXFileReference; lastKnownFileType = sourcecode.swift; path = FlickrPhotosAPI.swift; sourceTree = "<group>"; };
		60D62F032A22860200105B31 /* FlickrPhotosService.swift */ = {isa = PBXFileReference; lastKnownFileType = sourcecode.swift; path = FlickrPhotosService.swift; sourceTree = "<group>"; };
		60D62F062A22867800105B31 /* PhotosResponseWrapper.swift */ = {isa = PBXFileReference; lastKnownFileType = sourcecode.swift; path = PhotosResponseWrapper.swift; sourceTree = "<group>"; };
		60D62F082A22880400105B31 /* PhotosPaginatedResponse.swift */ = {isa = PBXFileReference; lastKnownFileType = sourcecode.swift; path = PhotosPaginatedResponse.swift; sourceTree = "<group>"; };
		60D62F0A2A22881B00105B31 /* PhotoResponse.swift */ = {isa = PBXFileReference; lastKnownFileType = sourcecode.swift; path = PhotoResponse.swift; sourceTree = "<group>"; };
		60D62F162A229C1800105B31 /* GetImageURL.swift */ = {isa = PBXFileReference; lastKnownFileType = sourcecode.swift; path = GetImageURL.swift; sourceTree = "<group>"; };
		60D62F1A2A229EE700105B31 /* ImageListViewModel.swift */ = {isa = PBXFileReference; lastKnownFileType = sourcecode.swift; path = ImageListViewModel.swift; sourceTree = "<group>"; };
		60D62F1C2A229EF500105B31 /* ImageListView.swift */ = {isa = PBXFileReference; lastKnownFileType = sourcecode.swift; path = ImageListView.swift; sourceTree = "<group>"; };
		60D62F212A22A74B00105B31 /* SortableResponse.swift */ = {isa = PBXFileReference; lastKnownFileType = sourcecode.swift; path = SortableResponse.swift; sourceTree = "<group>"; };
		60D62F232A23917300105B31 /* ViewState.swift */ = {isa = PBXFileReference; lastKnownFileType = sourcecode.swift; path = ViewState.swift; sourceTree = "<group>"; };
		60D62F252A23A1E900105B31 /* Array+Extension.swift */ = {isa = PBXFileReference; lastKnownFileType = sourcecode.swift; path = "Array+Extension.swift"; sourceTree = "<group>"; };
		60D62F292A23A4DA00105B31 /* PictureDetailCard.swift */ = {isa = PBXFileReference; lastKnownFileType = sourcecode.swift; path = PictureDetailCard.swift; sourceTree = "<group>"; };
		60D62F2B2A23AB5B00105B31 /* WebImage+Extension.swift */ = {isa = PBXFileReference; lastKnownFileType = sourcecode.swift; path = "WebImage+Extension.swift"; sourceTree = "<group>"; };
		60D62F2E2A23BDF800105B31 /* GetInfoResponse.swift */ = {isa = PBXFileReference; lastKnownFileType = sourcecode.swift; path = GetInfoResponse.swift; sourceTree = "<group>"; };
		60D62F332A23C0C300105B31 /* OwnerResponse.swift */ = {isa = PBXFileReference; lastKnownFileType = sourcecode.swift; path = OwnerResponse.swift; sourceTree = "<group>"; };
		60D62F362A23C0E200105B31 /* DatesResponse.swift */ = {isa = PBXFileReference; lastKnownFileType = sourcecode.swift; path = DatesResponse.swift; sourceTree = "<group>"; };
		60D62F382A23C21100105B31 /* ImageDetailView.swift */ = {isa = PBXFileReference; lastKnownFileType = sourcecode.swift; path = ImageDetailView.swift; sourceTree = "<group>"; };
		60D62F3A2A23C21C00105B31 /* ImageDetailViewModel.swift */ = {isa = PBXFileReference; lastKnownFileType = sourcecode.swift; path = ImageDetailViewModel.swift; sourceTree = "<group>"; };
		60D62F3C2A23D33200105B31 /* FlickrPeopleAPI.swift */ = {isa = PBXFileReference; lastKnownFileType = sourcecode.swift; path = FlickrPeopleAPI.swift; sourceTree = "<group>"; };
		60D62F3E2A23D34400105B31 /* FlickrPeopleService.swift */ = {isa = PBXFileReference; lastKnownFileType = sourcecode.swift; path = FlickrPeopleService.swift; sourceTree = "<group>"; };
		60D62F402A23D49A00105B31 /* UserImageListView.swift */ = {isa = PBXFileReference; lastKnownFileType = sourcecode.swift; path = UserImageListView.swift; sourceTree = "<group>"; };
		60D62F422A23D4B100105B31 /* UserImageListViewModel.swift */ = {isa = PBXFileReference; lastKnownFileType = sourcecode.swift; path = UserImageListViewModel.swift; sourceTree = "<group>"; };
		60D62F452A24BF5A00105B31 /* UserResponse.swift */ = {isa = PBXFileReference; lastKnownFileType = sourcecode.swift; path = UserResponse.swift; sourceTree = "<group>"; };
		60D62F482A24BFA000105B31 /* ContentResponse.swift */ = {isa = PBXFileReference; lastKnownFileType = sourcecode.swift; path = ContentResponse.swift; sourceTree = "<group>"; };
		60D62F4A2A24C01C00105B31 /* UserWrapperResponse.swift */ = {isa = PBXFileReference; lastKnownFileType = sourcecode.swift; path = UserWrapperResponse.swift; sourceTree = "<group>"; };
		60D62F4C2A24D31200105B31 /* PersonWrapperResponse.swift */ = {isa = PBXFileReference; lastKnownFileType = sourcecode.swift; path = PersonWrapperResponse.swift; sourceTree = "<group>"; };
		60D62F4E2A24D33B00105B31 /* PersonResponse.swift */ = {isa = PBXFileReference; lastKnownFileType = sourcecode.swift; path = PersonResponse.swift; sourceTree = "<group>"; };
		60D62F512A24D57700105B31 /* PersonDetailCard.swift */ = {isa = PBXFileReference; lastKnownFileType = sourcecode.swift; path = PersonDetailCard.swift; sourceTree = "<group>"; };
		60D62F552A250FE600105B31 /* ImageListViewModelTests.swift */ = {isa = PBXFileReference; lastKnownFileType = sourcecode.swift; path = ImageListViewModelTests.swift; sourceTree = "<group>"; };
		60D62F5B2A2518BE00105B31 /* ExifResponseWrapper.swift */ = {isa = PBXFileReference; lastKnownFileType = sourcecode.swift; path = ExifResponseWrapper.swift; sourceTree = "<group>"; };
		60D62F5D2A251B2700105B31 /* ExifResponse.swift */ = {isa = PBXFileReference; lastKnownFileType = sourcecode.swift; path = ExifResponse.swift; sourceTree = "<group>"; };
		60D62F602A25251D00105B31 /* Container.swift */ = {isa = PBXFileReference; lastKnownFileType = sourcecode.swift; path = Container.swift; sourceTree = "<group>"; };
		60D62F622A2527EB00105B31 /* ImageDetailViewModelTests.swift */ = {isa = PBXFileReference; lastKnownFileType = sourcecode.swift; path = ImageDetailViewModelTests.swift; sourceTree = "<group>"; };
		60D62F642A252E8A00105B31 /* UserImageListViewModelTests.swift */ = {isa = PBXFileReference; lastKnownFileType = sourcecode.swift; path = UserImageListViewModelTests.swift; sourceTree = "<group>"; };
/* End PBXFileReference section */

/* Begin PBXFrameworksBuildPhase section */
		60D62EA52A22766B00105B31 /* Frameworks */ = {
			isa = PBXFrameworksBuildPhase;
			buildActionMask = 2147483647;
			files = (
				60D62F202A22A0A800105B31 /* SDWebImageSwiftUI in Frameworks */,
			);
			runOnlyForDeploymentPostprocessing = 0;
		};
		60D62EB52A22766C00105B31 /* Frameworks */ = {
			isa = PBXFrameworksBuildPhase;
			buildActionMask = 2147483647;
			files = (
				60D62F592A25107A00105B31 /* SDWebImageSwiftUI in Frameworks */,
			);
			runOnlyForDeploymentPostprocessing = 0;
		};
		60D62EBF2A22766C00105B31 /* Frameworks */ = {
			isa = PBXFrameworksBuildPhase;
			buildActionMask = 2147483647;
			files = (
			);
			runOnlyForDeploymentPostprocessing = 0;
		};
/* End PBXFrameworksBuildPhase section */

/* Begin PBXGroup section */
		60D62E9F2A22766B00105B31 = {
			isa = PBXGroup;
			children = (
				60D62EAA2A22766B00105B31 /* Flicker */,
				60D62EBB2A22766C00105B31 /* FlickerTests */,
				60D62EC52A22766C00105B31 /* FlickerUITests */,
				60D62EA92A22766B00105B31 /* Products */,
				60D62F572A25107A00105B31 /* Frameworks */,
			);
			sourceTree = "<group>";
		};
		60D62EA92A22766B00105B31 /* Products */ = {
			isa = PBXGroup;
			children = (
				60D62EA82A22766B00105B31 /* Flicker.app */,
				60D62EB82A22766C00105B31 /* FlickerTests.xctest */,
				60D62EC22A22766C00105B31 /* FlickerUITests.xctest */,
			);
			name = Products;
			sourceTree = "<group>";
		};
		60D62EAA2A22766B00105B31 /* Flicker */ = {
			isa = PBXGroup;
			children = (
				60D62ED52A22774C00105B31 /* App */,
				60D62ED62A22775100105B31 /* Network */,
				60D62ED72A22775800105B31 /* MVVM */,
				60D62EAF2A22766C00105B31 /* Assets.xcassets */,
				60D62EB12A22766C00105B31 /* Preview Content */,
			);
			path = Flicker;
			sourceTree = "<group>";
		};
		60D62EB12A22766C00105B31 /* Preview Content */ = {
			isa = PBXGroup;
			children = (
				60D62EB22A22766C00105B31 /* Preview Assets.xcassets */,
			);
			path = "Preview Content";
			sourceTree = "<group>";
		};
		60D62EBB2A22766C00105B31 /* FlickerTests */ = {
			isa = PBXGroup;
			children = (
				60D62EBC2A22766C00105B31 /* FlickerTests.swift */,
				60D62F552A250FE600105B31 /* ImageListViewModelTests.swift */,
				60D62F622A2527EB00105B31 /* ImageDetailViewModelTests.swift */,
				60D62F642A252E8A00105B31 /* UserImageListViewModelTests.swift */,
			);
			path = FlickerTests;
			sourceTree = "<group>";
		};
		60D62EC52A22766C00105B31 /* FlickerUITests */ = {
			isa = PBXGroup;
			children = (
				60D62EC62A22766C00105B31 /* FlickerUITests.swift */,
				60D62EC82A22766C00105B31 /* FlickerUITestsLaunchTests.swift */,
			);
			path = FlickerUITests;
			sourceTree = "<group>";
		};
		60D62ED52A22774C00105B31 /* App */ = {
			isa = PBXGroup;
			children = (
				60D62EE62A227D3600105B31 /* Configuration */,
				60D62EDA2A22778100105B31 /* Resources */,
				60D62ED92A22777D00105B31 /* Base */,
				60D62ED82A22777100105B31 /* Extensions */,
				60D62EAB2A22766B00105B31 /* FlickerApp.swift */,
			);
			path = App;
			sourceTree = "<group>";
		};
		60D62ED62A22775100105B31 /* Network */ = {
			isa = PBXGroup;
			children = (
				60D62F002A22834500105B31 /* Services */,
				60D62EFF2A22833A00105B31 /* API Config */,
				60D62EFE2A22833400105B31 /* Requests */,
				60D62EFD2A22832C00105B31 /* Responses */,
			);
			path = Network;
			sourceTree = "<group>";
		};
		60D62ED72A22775800105B31 /* MVVM */ = {
			isa = PBXGroup;
			children = (
				60D62F272A23A4BF00105B31 /* Reusables */,
				60D62F182A229EBF00105B31 /* Dashboard */,
				60D62F232A23917300105B31 /* ViewState.swift */,
			);
			path = MVVM;
			sourceTree = "<group>";
		};
		60D62ED82A22777100105B31 /* Extensions */ = {
			isa = PBXGroup;
			children = (
				60D62F252A23A1E900105B31 /* Array+Extension.swift */,
				60D62F2B2A23AB5B00105B31 /* WebImage+Extension.swift */,
			);
			path = Extensions;
			sourceTree = "<group>";
		};
		60D62ED92A22777D00105B31 /* Base */ = {
			isa = PBXGroup;
			children = (
				60D62EF22A22819500105B31 /* Errors */,
				60D62EEF2A22816800105B31 /* Protocols */,
				60D62EDB2A22779400105B31 /* Network */,
			);
			path = Base;
			sourceTree = "<group>";
		};
		60D62EDA2A22778100105B31 /* Resources */ = {
			isa = PBXGroup;
			children = (
			);
			path = Resources;
			sourceTree = "<group>";
		};
		60D62EDB2A22779400105B31 /* Network */ = {
			isa = PBXGroup;
			children = (
				60D62EE12A2278B600105B31 /* Network Helpers */,
				60D62EDE2A22788400105B31 /* Error Responses */,
				60D62EDC2A2277AD00105B31 /* NetworkFactory.swift */,
			);
			path = Network;
			sourceTree = "<group>";
		};
		60D62EDE2A22788400105B31 /* Error Responses */ = {
			isa = PBXGroup;
			children = (
				60D62EDF2A22789800105B31 /* BaseErrorResponse.swift */,
			);
			path = "Error Responses";
			sourceTree = "<group>";
		};
		60D62EE12A2278B600105B31 /* Network Helpers */ = {
			isa = PBXGroup;
			children = (
				60D62EE22A2278D800105B31 /* BaseURL.swift */,
				60D62EE92A2280F700105B31 /* HTTPMethod.swift */,
				60D62EEB2A22810500105B31 /* RequestType.swift */,
			);
			path = "Network Helpers";
			sourceTree = "<group>";
		};
		60D62EE62A227D3600105B31 /* Configuration */ = {
			isa = PBXGroup;
			children = (
				60D62EE72A227D4400105B31 /* Configuration.swift */,
			);
			path = Configuration;
			sourceTree = "<group>";
		};
		60D62EEF2A22816800105B31 /* Protocols */ = {
			isa = PBXGroup;
			children = (
				60D62EF32A2281B500105B31 /* NetworkAPIFactory.swift */,
				60D62EF02A22817A00105B31 /* RequestFactory.swift */,
				60D62EF52A22822200105B31 /* NetworkRequestFactory.swift */,
				60D62F212A22A74B00105B31 /* SortableResponse.swift */,
			);
			path = Protocols;
			sourceTree = "<group>";
		};
		60D62EF22A22819500105B31 /* Errors */ = {
			isa = PBXGroup;
			children = (
				60D62EF72A22823F00105B31 /* CodingError.swift */,
				60D62EF92A22825B00105B31 /* ValidationError.swift */,
				60D62EFB2A22827800105B31 /* NetworkError.swift */,
			);
			path = Errors;
			sourceTree = "<group>";
		};
		60D62EFD2A22832C00105B31 /* Responses */ = {
			isa = PBXGroup;
			children = (
				60D62F472A24BF8F00105B31 /* Generic */,
				60D62F442A24BF3800105B31 /* People */,
				60D62F0C2A22925F00105B31 /* Photos */,
			);
			path = Responses;
			sourceTree = "<group>";
		};
		60D62EFE2A22833400105B31 /* Requests */ = {
			isa = PBXGroup;
			children = (
			);
			path = Requests;
			sourceTree = "<group>";
		};
		60D62EFF2A22833A00105B31 /* API Config */ = {
			isa = PBXGroup;
			children = (
				60D62F3C2A23D33200105B31 /* FlickrPeopleAPI.swift */,
				60D62F012A22836A00105B31 /* FlickrPhotosAPI.swift */,
			);
			path = "API Config";
			sourceTree = "<group>";
		};
		60D62F002A22834500105B31 /* Services */ = {
			isa = PBXGroup;
			children = (
				60D62F032A22860200105B31 /* FlickrPhotosService.swift */,
				60D62F162A229C1800105B31 /* GetImageURL.swift */,
				60D62F3E2A23D34400105B31 /* FlickrPeopleService.swift */,
			);
			path = Services;
			sourceTree = "<group>";
		};
		60D62F052A22865F00105B31 /* RecentPhotos */ = {
			isa = PBXGroup;
			children = (
				60D62F082A22880400105B31 /* PhotosPaginatedResponse.swift */,
				60D62F0A2A22881B00105B31 /* PhotoResponse.swift */,
			);
			path = RecentPhotos;
			sourceTree = "<group>";
		};
		60D62F0C2A22925F00105B31 /* Photos */ = {
			isa = PBXGroup;
			children = (
				60D62F5A2A2518AF00105B31 /* Get Exif */,
				60D62F352A23C0D900105B31 /* Dates */,
				60D62F322A23C0B700105B31 /* Owner */,
				60D62F062A22867800105B31 /* PhotosResponseWrapper.swift */,
				60D62F2D2A23BDE000105B31 /* GetInfo */,
				60D62F052A22865F00105B31 /* RecentPhotos */,
			);
			path = Photos;
			sourceTree = "<group>";
		};
		60D62F182A229EBF00105B31 /* Dashboard */ = {
			isa = PBXGroup;
			children = (
				60D62F312A23C09F00105B31 /* User Photos */,
				60D62F302A23C09400105B31 /* Image Detail */,
				60D62F192A229ED300105B31 /* Image List */,
			);
			path = Dashboard;
			sourceTree = "<group>";
		};
		60D62F192A229ED300105B31 /* Image List */ = {
			isa = PBXGroup;
			children = (
				60D62F1A2A229EE700105B31 /* ImageListViewModel.swift */,
				60D62F1C2A229EF500105B31 /* ImageListView.swift */,
			);
			path = "Image List";
			sourceTree = "<group>";
		};
		60D62F272A23A4BF00105B31 /* Reusables */ = {
			isa = PBXGroup;
			children = (
				60D62F5F2A25251400105B31 /* Containers */,
				60D62F502A24D56200105B31 /* PersonDetail */,
				60D62F282A23A4CA00105B31 /* PictureDetail */,
			);
			path = Reusables;
			sourceTree = "<group>";
		};
		60D62F282A23A4CA00105B31 /* PictureDetail */ = {
			isa = PBXGroup;
			children = (
				60D62F292A23A4DA00105B31 /* PictureDetailCard.swift */,
			);
			path = PictureDetail;
			sourceTree = "<group>";
		};
		60D62F2D2A23BDE000105B31 /* GetInfo */ = {
			isa = PBXGroup;
			children = (
				60D62F2E2A23BDF800105B31 /* GetInfoResponse.swift */,
			);
			path = GetInfo;
			sourceTree = "<group>";
		};
		60D62F302A23C09400105B31 /* Image Detail */ = {
			isa = PBXGroup;
			children = (
				60D62F382A23C21100105B31 /* ImageDetailView.swift */,
				60D62F3A2A23C21C00105B31 /* ImageDetailViewModel.swift */,
			);
			path = "Image Detail";
			sourceTree = "<group>";
		};
		60D62F312A23C09F00105B31 /* User Photos */ = {
			isa = PBXGroup;
			children = (
				60D62F402A23D49A00105B31 /* UserImageListView.swift */,
				60D62F422A23D4B100105B31 /* UserImageListViewModel.swift */,
			);
			path = "User Photos";
			sourceTree = "<group>";
		};
		60D62F322A23C0B700105B31 /* Owner */ = {
			isa = PBXGroup;
			children = (
				60D62F332A23C0C300105B31 /* OwnerResponse.swift */,
			);
			path = Owner;
			sourceTree = "<group>";
		};
		60D62F352A23C0D900105B31 /* Dates */ = {
			isa = PBXGroup;
			children = (
				60D62F362A23C0E200105B31 /* DatesResponse.swift */,
			);
			path = Dates;
			sourceTree = "<group>";
		};
		60D62F442A24BF3800105B31 /* People */ = {
			isa = PBXGroup;
			children = (
				60D62F452A24BF5A00105B31 /* UserResponse.swift */,
				60D62F4A2A24C01C00105B31 /* UserWrapperResponse.swift */,
				60D62F4C2A24D31200105B31 /* PersonWrapperResponse.swift */,
				60D62F4E2A24D33B00105B31 /* PersonResponse.swift */,
			);
			path = People;
			sourceTree = "<group>";
		};
		60D62F472A24BF8F00105B31 /* Generic */ = {
			isa = PBXGroup;
			children = (
				60D62F482A24BFA000105B31 /* ContentResponse.swift */,
			);
			path = Generic;
			sourceTree = "<group>";
		};
		60D62F502A24D56200105B31 /* PersonDetail */ = {
			isa = PBXGroup;
			children = (
				60D62F512A24D57700105B31 /* PersonDetailCard.swift */,
			);
			path = PersonDetail;
			sourceTree = "<group>";
		};
		60D62F572A25107A00105B31 /* Frameworks */ = {
			isa = PBXGroup;
			children = (
			);
			name = Frameworks;
			sourceTree = "<group>";
		};
		60D62F5A2A2518AF00105B31 /* Get Exif */ = {
			isa = PBXGroup;
			children = (
				60D62F5B2A2518BE00105B31 /* ExifResponseWrapper.swift */,
				60D62F5D2A251B2700105B31 /* ExifResponse.swift */,
			);
			path = "Get Exif";
			sourceTree = "<group>";
		};
		60D62F5F2A25251400105B31 /* Containers */ = {
			isa = PBXGroup;
			children = (
				60D62F602A25251D00105B31 /* Container.swift */,
			);
			path = Containers;
			sourceTree = "<group>";
		};
/* End PBXGroup section */

/* Begin PBXNativeTarget section */
		60D62EA72A22766B00105B31 /* Flicker */ = {
			isa = PBXNativeTarget;
			buildConfigurationList = 60D62ECC2A22766C00105B31 /* Build configuration list for PBXNativeTarget "Flicker" */;
			buildPhases = (
				60D62EA42A22766B00105B31 /* Sources */,
				60D62EA52A22766B00105B31 /* Frameworks */,
				60D62EA62A22766B00105B31 /* Resources */,
			);
			buildRules = (
			);
			dependencies = (
			);
			name = Flicker;
			packageProductDependencies = (
				60D62F1F2A22A0A800105B31 /* SDWebImageSwiftUI */,
			);
			productName = Flicker;
			productReference = 60D62EA82A22766B00105B31 /* Flicker.app */;
			productType = "com.apple.product-type.application";
		};
		60D62EB72A22766C00105B31 /* FlickerTests */ = {
			isa = PBXNativeTarget;
			buildConfigurationList = 60D62ECF2A22766C00105B31 /* Build configuration list for PBXNativeTarget "FlickerTests" */;
			buildPhases = (
				60D62EB42A22766C00105B31 /* Sources */,
				60D62EB52A22766C00105B31 /* Frameworks */,
				60D62EB62A22766C00105B31 /* Resources */,
			);
			buildRules = (
			);
			dependencies = (
				60D62EBA2A22766C00105B31 /* PBXTargetDependency */,
			);
			name = FlickerTests;
			packageProductDependencies = (
				60D62F582A25107A00105B31 /* SDWebImageSwiftUI */,
			);
			productName = FlickerTests;
			productReference = 60D62EB82A22766C00105B31 /* FlickerTests.xctest */;
			productType = "com.apple.product-type.bundle.unit-test";
		};
		60D62EC12A22766C00105B31 /* FlickerUITests */ = {
			isa = PBXNativeTarget;
			buildConfigurationList = 60D62ED22A22766C00105B31 /* Build configuration list for PBXNativeTarget "FlickerUITests" */;
			buildPhases = (
				60D62EBE2A22766C00105B31 /* Sources */,
				60D62EBF2A22766C00105B31 /* Frameworks */,
				60D62EC02A22766C00105B31 /* Resources */,
			);
			buildRules = (
			);
			dependencies = (
				60D62EC42A22766C00105B31 /* PBXTargetDependency */,
			);
			name = FlickerUITests;
			productName = FlickerUITests;
			productReference = 60D62EC22A22766C00105B31 /* FlickerUITests.xctest */;
			productType = "com.apple.product-type.bundle.ui-testing";
		};
/* End PBXNativeTarget section */

/* Begin PBXProject section */
		60D62EA02A22766B00105B31 /* Project object */ = {
			isa = PBXProject;
			attributes = {
				BuildIndependentTargetsInParallel = 1;
				LastSwiftUpdateCheck = 1430;
				LastUpgradeCheck = 1430;
				TargetAttributes = {
					60D62EA72A22766B00105B31 = {
						CreatedOnToolsVersion = 14.3;
					};
					60D62EB72A22766C00105B31 = {
						CreatedOnToolsVersion = 14.3;
						TestTargetID = 60D62EA72A22766B00105B31;
					};
					60D62EC12A22766C00105B31 = {
						CreatedOnToolsVersion = 14.3;
						TestTargetID = 60D62EA72A22766B00105B31;
					};
				};
			};
			buildConfigurationList = 60D62EA32A22766B00105B31 /* Build configuration list for PBXProject "Flicker" */;
			compatibilityVersion = "Xcode 14.0";
			developmentRegion = en;
			hasScannedForEncodings = 0;
			knownRegions = (
				en,
				Base,
			);
			mainGroup = 60D62E9F2A22766B00105B31;
			packageReferences = (
				60D62F1E2A22A0A800105B31 /* XCRemoteSwiftPackageReference "SDWebImageSwiftUI" */,
			);
			productRefGroup = 60D62EA92A22766B00105B31 /* Products */;
			projectDirPath = "";
			projectRoot = "";
			targets = (
				60D62EA72A22766B00105B31 /* Flicker */,
				60D62EB72A22766C00105B31 /* FlickerTests */,
				60D62EC12A22766C00105B31 /* FlickerUITests */,
			);
		};
/* End PBXProject section */

/* Begin PBXResourcesBuildPhase section */
		60D62EA62A22766B00105B31 /* Resources */ = {
			isa = PBXResourcesBuildPhase;
			buildActionMask = 2147483647;
			files = (
				60D62EB32A22766C00105B31 /* Preview Assets.xcassets in Resources */,
				60D62EB02A22766C00105B31 /* Assets.xcassets in Resources */,
			);
			runOnlyForDeploymentPostprocessing = 0;
		};
		60D62EB62A22766C00105B31 /* Resources */ = {
			isa = PBXResourcesBuildPhase;
			buildActionMask = 2147483647;
			files = (
			);
			runOnlyForDeploymentPostprocessing = 0;
		};
		60D62EC02A22766C00105B31 /* Resources */ = {
			isa = PBXResourcesBuildPhase;
			buildActionMask = 2147483647;
			files = (
			);
			runOnlyForDeploymentPostprocessing = 0;
		};
/* End PBXResourcesBuildPhase section */

/* Begin PBXSourcesBuildPhase section */
		60D62EA42A22766B00105B31 /* Sources */ = {
			isa = PBXSourcesBuildPhase;
			buildActionMask = 2147483647;
			files = (
				60D62F5C2A2518BE00105B31 /* ExifResponseWrapper.swift in Sources */,
				60D62F2C2A23AB5B00105B31 /* WebImage+Extension.swift in Sources */,
				60D62EF12A22817A00105B31 /* RequestFactory.swift in Sources */,
				60D62EFC2A22827800105B31 /* NetworkError.swift in Sources */,
				60D62F432A23D4B100105B31 /* UserImageListViewModel.swift in Sources */,
				60D62EE82A227D4400105B31 /* Configuration.swift in Sources */,
				60D62F022A22836A00105B31 /* FlickrPhotosAPI.swift in Sources */,
				60D62EDD2A2277AD00105B31 /* NetworkFactory.swift in Sources */,
				60D62F072A22867800105B31 /* PhotosResponseWrapper.swift in Sources */,
				60D62F612A25251D00105B31 /* Container.swift in Sources */,
				60D62F1B2A229EE700105B31 /* ImageListViewModel.swift in Sources */,
				60D62F172A229C1800105B31 /* GetImageURL.swift in Sources */,
				60D62F522A24D57700105B31 /* PersonDetailCard.swift in Sources */,
				60D62EFA2A22825B00105B31 /* ValidationError.swift in Sources */,
				60D62F3D2A23D33200105B31 /* FlickrPeopleAPI.swift in Sources */,
				60D62F222A22A74B00105B31 /* SortableResponse.swift in Sources */,
				60D62F412A23D49A00105B31 /* UserImageListView.swift in Sources */,
				60D62F242A23917300105B31 /* ViewState.swift in Sources */,
				60D62F2F2A23BDF800105B31 /* GetInfoResponse.swift in Sources */,
				60D62F092A22880400105B31 /* PhotosPaginatedResponse.swift in Sources */,
				60D62EEA2A2280F700105B31 /* HTTPMethod.swift in Sources */,
				60D62F1D2A229EF500105B31 /* ImageListView.swift in Sources */,
				60D62F4B2A24C01C00105B31 /* UserWrapperResponse.swift in Sources */,
				60D62F0B2A22881B00105B31 /* PhotoResponse.swift in Sources */,
				60D62F4F2A24D33B00105B31 /* PersonResponse.swift in Sources */,
				60D62EE32A2278D800105B31 /* BaseURL.swift in Sources */,
				60D62F042A22860200105B31 /* FlickrPhotosService.swift in Sources */,
				60D62EF42A2281B500105B31 /* NetworkAPIFactory.swift in Sources */,
				60D62F342A23C0C300105B31 /* OwnerResponse.swift in Sources */,
				60D62F3F2A23D34400105B31 /* FlickrPeopleService.swift in Sources */,
				60D62F3B2A23C21C00105B31 /* ImageDetailViewModel.swift in Sources */,
				60D62F262A23A1E900105B31 /* Array+Extension.swift in Sources */,
				60D62EE02A22789800105B31 /* BaseErrorResponse.swift in Sources */,
				60D62EAC2A22766B00105B31 /* FlickerApp.swift in Sources */,
				60D62EF62A22822200105B31 /* NetworkRequestFactory.swift in Sources */,
				60D62F372A23C0E200105B31 /* DatesResponse.swift in Sources */,
				60D62F492A24BFA000105B31 /* ContentResponse.swift in Sources */,
				60D62F2A2A23A4DA00105B31 /* PictureDetailCard.swift in Sources */,
				60D62EF82A22823F00105B31 /* CodingError.swift in Sources */,
				60D62EEC2A22810500105B31 /* RequestType.swift in Sources */,
				60D62F392A23C21100105B31 /* ImageDetailView.swift in Sources */,
				60D62F5E2A251B2700105B31 /* ExifResponse.swift in Sources */,
				60D62F4D2A24D31200105B31 /* PersonWrapperResponse.swift in Sources */,
				60D62F462A24BF5A00105B31 /* UserResponse.swift in Sources */,
			);
			runOnlyForDeploymentPostprocessing = 0;
		};
		60D62EB42A22766C00105B31 /* Sources */ = {
			isa = PBXSourcesBuildPhase;
			buildActionMask = 2147483647;
			files = (
				60D62F562A250FE600105B31 /* ImageListViewModelTests.swift in Sources */,
				60D62EBD2A22766C00105B31 /* FlickerTests.swift in Sources */,
				60D62F632A2527EB00105B31 /* ImageDetailViewModelTests.swift in Sources */,
				60D62F652A252E8A00105B31 /* UserImageListViewModelTests.swift in Sources */,
			);
			runOnlyForDeploymentPostprocessing = 0;
		};
		60D62EBE2A22766C00105B31 /* Sources */ = {
			isa = PBXSourcesBuildPhase;
			buildActionMask = 2147483647;
			files = (
				60D62EC72A22766C00105B31 /* FlickerUITests.swift in Sources */,
				60D62EC92A22766C00105B31 /* FlickerUITestsLaunchTests.swift in Sources */,
			);
			runOnlyForDeploymentPostprocessing = 0;
		};
/* End PBXSourcesBuildPhase section */

/* Begin PBXTargetDependency section */
		60D62EBA2A22766C00105B31 /* PBXTargetDependency */ = {
			isa = PBXTargetDependency;
			target = 60D62EA72A22766B00105B31 /* Flicker */;
			targetProxy = 60D62EB92A22766C00105B31 /* PBXContainerItemProxy */;
		};
		60D62EC42A22766C00105B31 /* PBXTargetDependency */ = {
			isa = PBXTargetDependency;
			target = 60D62EA72A22766B00105B31 /* Flicker */;
			targetProxy = 60D62EC32A22766C00105B31 /* PBXContainerItemProxy */;
		};
/* End PBXTargetDependency section */

/* Begin XCBuildConfiguration section */
		60D62ECA2A22766C00105B31 /* Debug */ = {
			isa = XCBuildConfiguration;
			buildSettings = {
				ALWAYS_SEARCH_USER_PATHS = NO;
				CLANG_ANALYZER_NONNULL = YES;
				CLANG_ANALYZER_NUMBER_OBJECT_CONVERSION = YES_AGGRESSIVE;
				CLANG_CXX_LANGUAGE_STANDARD = "gnu++20";
				CLANG_ENABLE_MODULES = YES;
				CLANG_ENABLE_OBJC_ARC = YES;
				CLANG_ENABLE_OBJC_WEAK = YES;
				CLANG_WARN_BLOCK_CAPTURE_AUTORELEASING = YES;
				CLANG_WARN_BOOL_CONVERSION = YES;
				CLANG_WARN_COMMA = YES;
				CLANG_WARN_CONSTANT_CONVERSION = YES;
				CLANG_WARN_DEPRECATED_OBJC_IMPLEMENTATIONS = YES;
				CLANG_WARN_DIRECT_OBJC_ISA_USAGE = YES_ERROR;
				CLANG_WARN_DOCUMENTATION_COMMENTS = YES;
				CLANG_WARN_EMPTY_BODY = YES;
				CLANG_WARN_ENUM_CONVERSION = YES;
				CLANG_WARN_INFINITE_RECURSION = YES;
				CLANG_WARN_INT_CONVERSION = YES;
				CLANG_WARN_NON_LITERAL_NULL_CONVERSION = YES;
				CLANG_WARN_OBJC_IMPLICIT_RETAIN_SELF = YES;
				CLANG_WARN_OBJC_LITERAL_CONVERSION = YES;
				CLANG_WARN_OBJC_ROOT_CLASS = YES_ERROR;
				CLANG_WARN_QUOTED_INCLUDE_IN_FRAMEWORK_HEADER = YES;
				CLANG_WARN_RANGE_LOOP_ANALYSIS = YES;
				CLANG_WARN_STRICT_PROTOTYPES = YES;
				CLANG_WARN_SUSPICIOUS_MOVE = YES;
				CLANG_WARN_UNGUARDED_AVAILABILITY = YES_AGGRESSIVE;
				CLANG_WARN_UNREACHABLE_CODE = YES;
				CLANG_WARN__DUPLICATE_METHOD_MATCH = YES;
				COPY_PHASE_STRIP = NO;
				DEBUG_INFORMATION_FORMAT = dwarf;
				ENABLE_STRICT_OBJC_MSGSEND = YES;
				ENABLE_TESTABILITY = YES;
				GCC_C_LANGUAGE_STANDARD = gnu11;
				GCC_DYNAMIC_NO_PIC = NO;
				GCC_NO_COMMON_BLOCKS = YES;
				GCC_OPTIMIZATION_LEVEL = 0;
				GCC_PREPROCESSOR_DEFINITIONS = (
					"DEBUG=1",
					"$(inherited)",
				);
				GCC_WARN_64_TO_32_BIT_CONVERSION = YES;
				GCC_WARN_ABOUT_RETURN_TYPE = YES_ERROR;
				GCC_WARN_UNDECLARED_SELECTOR = YES;
				GCC_WARN_UNINITIALIZED_AUTOS = YES_AGGRESSIVE;
				GCC_WARN_UNUSED_FUNCTION = YES;
				GCC_WARN_UNUSED_VARIABLE = YES;
				IPHONEOS_DEPLOYMENT_TARGET = 16.4;
				MTL_ENABLE_DEBUG_INFO = INCLUDE_SOURCE;
				MTL_FAST_MATH = YES;
				ONLY_ACTIVE_ARCH = YES;
				SDKROOT = iphoneos;
				SWIFT_ACTIVE_COMPILATION_CONDITIONS = DEBUG;
				SWIFT_OPTIMIZATION_LEVEL = "-Onone";
			};
			name = Debug;
		};
		60D62ECB2A22766C00105B31 /* Release */ = {
			isa = XCBuildConfiguration;
			buildSettings = {
				ALWAYS_SEARCH_USER_PATHS = NO;
				CLANG_ANALYZER_NONNULL = YES;
				CLANG_ANALYZER_NUMBER_OBJECT_CONVERSION = YES_AGGRESSIVE;
				CLANG_CXX_LANGUAGE_STANDARD = "gnu++20";
				CLANG_ENABLE_MODULES = YES;
				CLANG_ENABLE_OBJC_ARC = YES;
				CLANG_ENABLE_OBJC_WEAK = YES;
				CLANG_WARN_BLOCK_CAPTURE_AUTORELEASING = YES;
				CLANG_WARN_BOOL_CONVERSION = YES;
				CLANG_WARN_COMMA = YES;
				CLANG_WARN_CONSTANT_CONVERSION = YES;
				CLANG_WARN_DEPRECATED_OBJC_IMPLEMENTATIONS = YES;
				CLANG_WARN_DIRECT_OBJC_ISA_USAGE = YES_ERROR;
				CLANG_WARN_DOCUMENTATION_COMMENTS = YES;
				CLANG_WARN_EMPTY_BODY = YES;
				CLANG_WARN_ENUM_CONVERSION = YES;
				CLANG_WARN_INFINITE_RECURSION = YES;
				CLANG_WARN_INT_CONVERSION = YES;
				CLANG_WARN_NON_LITERAL_NULL_CONVERSION = YES;
				CLANG_WARN_OBJC_IMPLICIT_RETAIN_SELF = YES;
				CLANG_WARN_OBJC_LITERAL_CONVERSION = YES;
				CLANG_WARN_OBJC_ROOT_CLASS = YES_ERROR;
				CLANG_WARN_QUOTED_INCLUDE_IN_FRAMEWORK_HEADER = YES;
				CLANG_WARN_RANGE_LOOP_ANALYSIS = YES;
				CLANG_WARN_STRICT_PROTOTYPES = YES;
				CLANG_WARN_SUSPICIOUS_MOVE = YES;
				CLANG_WARN_UNGUARDED_AVAILABILITY = YES_AGGRESSIVE;
				CLANG_WARN_UNREACHABLE_CODE = YES;
				CLANG_WARN__DUPLICATE_METHOD_MATCH = YES;
				COPY_PHASE_STRIP = NO;
				DEBUG_INFORMATION_FORMAT = "dwarf-with-dsym";
				ENABLE_NS_ASSERTIONS = NO;
				ENABLE_STRICT_OBJC_MSGSEND = YES;
				GCC_C_LANGUAGE_STANDARD = gnu11;
				GCC_NO_COMMON_BLOCKS = YES;
				GCC_WARN_64_TO_32_BIT_CONVERSION = YES;
				GCC_WARN_ABOUT_RETURN_TYPE = YES_ERROR;
				GCC_WARN_UNDECLARED_SELECTOR = YES;
				GCC_WARN_UNINITIALIZED_AUTOS = YES_AGGRESSIVE;
				GCC_WARN_UNUSED_FUNCTION = YES;
				GCC_WARN_UNUSED_VARIABLE = YES;
				IPHONEOS_DEPLOYMENT_TARGET = 16.4;
				MTL_ENABLE_DEBUG_INFO = NO;
				MTL_FAST_MATH = YES;
				SDKROOT = iphoneos;
				SWIFT_COMPILATION_MODE = wholemodule;
				SWIFT_OPTIMIZATION_LEVEL = "-O";
				VALIDATE_PRODUCT = YES;
			};
			name = Release;
		};
		60D62ECD2A22766C00105B31 /* Debug */ = {
			isa = XCBuildConfiguration;
			buildSettings = {
				ASSETCATALOG_COMPILER_APPICON_NAME = AppIcon;
				ASSETCATALOG_COMPILER_GLOBAL_ACCENT_COLOR_NAME = AccentColor;
				CODE_SIGN_STYLE = Automatic;
				CURRENT_PROJECT_VERSION = 1;
				DEVELOPMENT_ASSET_PATHS = "\"Flicker/Preview Content\"";
				DEVELOPMENT_TEAM = JY8P877P66;
				ENABLE_PREVIEWS = YES;
				GENERATE_INFOPLIST_FILE = YES;
				INFOPLIST_FILE = Flicker/Info.plist;
				INFOPLIST_KEY_UIApplicationSceneManifest_Generation = YES;
				INFOPLIST_KEY_UIApplicationSupportsIndirectInputEvents = YES;
				INFOPLIST_KEY_UILaunchScreen_Generation = YES;
				INFOPLIST_KEY_UISupportedInterfaceOrientations_iPhone = "UIInterfaceOrientationPortrait UIInterfaceOrientationLandscapeLeft UIInterfaceOrientationLandscapeRight";
				INFOPLIST_KEY_UIUserInterfaceStyle = Light;
				IPHONEOS_DEPLOYMENT_TARGET = 16.0;
				LD_RUNPATH_SEARCH_PATHS = (
					"$(inherited)",
					"@executable_path/Frameworks",
				);
				MARKETING_VERSION = 1.0;
				PRODUCT_BUNDLE_IDENTIFIER = uk.wegorz.Flicker;
				PRODUCT_NAME = "$(TARGET_NAME)";
				SWIFT_EMIT_LOC_STRINGS = YES;
				SWIFT_VERSION = 5.0;
				TARGETED_DEVICE_FAMILY = "1,2";
			};
			name = Debug;
		};
		60D62ECE2A22766C00105B31 /* Release */ = {
			isa = XCBuildConfiguration;
			buildSettings = {
				ASSETCATALOG_COMPILER_APPICON_NAME = AppIcon;
				ASSETCATALOG_COMPILER_GLOBAL_ACCENT_COLOR_NAME = AccentColor;
				CODE_SIGN_STYLE = Automatic;
				CURRENT_PROJECT_VERSION = 1;
				DEVELOPMENT_ASSET_PATHS = "\"Flicker/Preview Content\"";
				DEVELOPMENT_TEAM = JY8P877P66;
				ENABLE_PREVIEWS = YES;
				GENERATE_INFOPLIST_FILE = YES;
				INFOPLIST_FILE = Flicker/Info.plist;
				INFOPLIST_KEY_UIApplicationSceneManifest_Generation = YES;
				INFOPLIST_KEY_UIApplicationSupportsIndirectInputEvents = YES;
				INFOPLIST_KEY_UILaunchScreen_Generation = YES;
				INFOPLIST_KEY_UISupportedInterfaceOrientations_iPhone = "UIInterfaceOrientationPortrait UIInterfaceOrientationLandscapeLeft UIInterfaceOrientationLandscapeRight";
				INFOPLIST_KEY_UIUserInterfaceStyle = Light;
				IPHONEOS_DEPLOYMENT_TARGET = 16.0;
				LD_RUNPATH_SEARCH_PATHS = (
					"$(inherited)",
					"@executable_path/Frameworks",
				);
				MARKETING_VERSION = 1.0;
				PRODUCT_BUNDLE_IDENTIFIER = uk.wegorz.Flicker;
				PRODUCT_NAME = "$(TARGET_NAME)";
				SWIFT_EMIT_LOC_STRINGS = YES;
				SWIFT_VERSION = 5.0;
				TARGETED_DEVICE_FAMILY = "1,2";
			};
			name = Release;
		};
		60D62ED02A22766C00105B31 /* Debug */ = {
			isa = XCBuildConfiguration;
			buildSettings = {
				ALWAYS_EMBED_SWIFT_STANDARD_LIBRARIES = YES;
				BUNDLE_LOADER = "$(TEST_HOST)";
				CODE_SIGN_STYLE = Automatic;
				CURRENT_PROJECT_VERSION = 1;
				DEVELOPMENT_TEAM = JY8P877P66;
				GENERATE_INFOPLIST_FILE = YES;
				IPHONEOS_DEPLOYMENT_TARGET = 16.4;
				MARKETING_VERSION = 1.0;
				PRODUCT_BUNDLE_IDENTIFIER = uk.wegorz.FlickerTests;
				PRODUCT_NAME = "$(TARGET_NAME)";
				SWIFT_EMIT_LOC_STRINGS = NO;
				SWIFT_VERSION = 5.0;
				TARGETED_DEVICE_FAMILY = "1,2";
				TEST_HOST = "$(BUILT_PRODUCTS_DIR)/Flicker.app/$(BUNDLE_EXECUTABLE_FOLDER_PATH)/Flicker";
			};
			name = Debug;
		};
		60D62ED12A22766C00105B31 /* Release */ = {
			isa = XCBuildConfiguration;
			buildSettings = {
				ALWAYS_EMBED_SWIFT_STANDARD_LIBRARIES = YES;
				BUNDLE_LOADER = "$(TEST_HOST)";
				CODE_SIGN_STYLE = Automatic;
				CURRENT_PROJECT_VERSION = 1;
				DEVELOPMENT_TEAM = JY8P877P66;
				GENERATE_INFOPLIST_FILE = YES;
				IPHONEOS_DEPLOYMENT_TARGET = 16.4;
				MARKETING_VERSION = 1.0;
				PRODUCT_BUNDLE_IDENTIFIER = uk.wegorz.FlickerTests;
				PRODUCT_NAME = "$(TARGET_NAME)";
				SWIFT_EMIT_LOC_STRINGS = NO;
				SWIFT_VERSION = 5.0;
				TARGETED_DEVICE_FAMILY = "1,2";
				TEST_HOST = "$(BUILT_PRODUCTS_DIR)/Flicker.app/$(BUNDLE_EXECUTABLE_FOLDER_PATH)/Flicker";
			};
			name = Release;
		};
		60D62ED32A22766C00105B31 /* Debug */ = {
			isa = XCBuildConfiguration;
			buildSettings = {
				ALWAYS_EMBED_SWIFT_STANDARD_LIBRARIES = YES;
				CODE_SIGN_STYLE = Automatic;
				CURRENT_PROJECT_VERSION = 1;
				DEVELOPMENT_TEAM = JY8P877P66;
				GENERATE_INFOPLIST_FILE = YES;
				MARKETING_VERSION = 1.0;
				PRODUCT_BUNDLE_IDENTIFIER = uk.wegorz.FlickerUITests;
				PRODUCT_NAME = "$(TARGET_NAME)";
				SWIFT_EMIT_LOC_STRINGS = NO;
				SWIFT_VERSION = 5.0;
				TARGETED_DEVICE_FAMILY = "1,2";
				TEST_TARGET_NAME = Flicker;
			};
			name = Debug;
		};
		60D62ED42A22766C00105B31 /* Release */ = {
			isa = XCBuildConfiguration;
			buildSettings = {
				ALWAYS_EMBED_SWIFT_STANDARD_LIBRARIES = YES;
				CODE_SIGN_STYLE = Automatic;
				CURRENT_PROJECT_VERSION = 1;
				DEVELOPMENT_TEAM = JY8P877P66;
				GENERATE_INFOPLIST_FILE = YES;
				MARKETING_VERSION = 1.0;
				PRODUCT_BUNDLE_IDENTIFIER = uk.wegorz.FlickerUITests;
				PRODUCT_NAME = "$(TARGET_NAME)";
				SWIFT_EMIT_LOC_STRINGS = NO;
				SWIFT_VERSION = 5.0;
				TARGETED_DEVICE_FAMILY = "1,2";
				TEST_TARGET_NAME = Flicker;
			};
			name = Release;
		};
/* End XCBuildConfiguration section */

/* Begin XCConfigurationList section */
		60D62EA32A22766B00105B31 /* Build configuration list for PBXProject "Flicker" */ = {
			isa = XCConfigurationList;
			buildConfigurations = (
				60D62ECA2A22766C00105B31 /* Debug */,
				60D62ECB2A22766C00105B31 /* Release */,
			);
			defaultConfigurationIsVisible = 0;
			defaultConfigurationName = Release;
		};
		60D62ECC2A22766C00105B31 /* Build configuration list for PBXNativeTarget "Flicker" */ = {
			isa = XCConfigurationList;
			buildConfigurations = (
				60D62ECD2A22766C00105B31 /* Debug */,
				60D62ECE2A22766C00105B31 /* Release */,
			);
			defaultConfigurationIsVisible = 0;
			defaultConfigurationName = Release;
		};
		60D62ECF2A22766C00105B31 /* Build configuration list for PBXNativeTarget "FlickerTests" */ = {
			isa = XCConfigurationList;
			buildConfigurations = (
				60D62ED02A22766C00105B31 /* Debug */,
				60D62ED12A22766C00105B31 /* Release */,
			);
			defaultConfigurationIsVisible = 0;
			defaultConfigurationName = Release;
		};
		60D62ED22A22766C00105B31 /* Build configuration list for PBXNativeTarget "FlickerUITests" */ = {
			isa = XCConfigurationList;
			buildConfigurations = (
				60D62ED32A22766C00105B31 /* Debug */,
				60D62ED42A22766C00105B31 /* Release */,
			);
			defaultConfigurationIsVisible = 0;
			defaultConfigurationName = Release;
		};
/* End XCConfigurationList section */

/* Begin XCRemoteSwiftPackageReference section */
		60D62F1E2A22A0A800105B31 /* XCRemoteSwiftPackageReference "SDWebImageSwiftUI" */ = {
			isa = XCRemoteSwiftPackageReference;
			repositoryURL = "https://github.com/SDWebImage/SDWebImageSwiftUI.git";
			requirement = {
				kind = upToNextMajorVersion;
				minimumVersion = 2.0.0;
			};
		};
/* End XCRemoteSwiftPackageReference section */

/* Begin XCSwiftPackageProductDependency section */
		60D62F1F2A22A0A800105B31 /* SDWebImageSwiftUI */ = {
			isa = XCSwiftPackageProductDependency;
			package = 60D62F1E2A22A0A800105B31 /* XCRemoteSwiftPackageReference "SDWebImageSwiftUI" */;
			productName = SDWebImageSwiftUI;
		};
		60D62F582A25107A00105B31 /* SDWebImageSwiftUI */ = {
			isa = XCSwiftPackageProductDependency;
			package = 60D62F1E2A22A0A800105B31 /* XCRemoteSwiftPackageReference "SDWebImageSwiftUI" */;
			productName = SDWebImageSwiftUI;
		};
/* End XCSwiftPackageProductDependency section */
	};
	rootObject = 60D62EA02A22766B00105B31 /* Project object */;
}
